
Microsoft Visual Studio Solution File, Format Version 12.00
# Visual Studio Version 16
VisualStudioVersion = 16.0.31515.178
MinimumVisualStudioVersion = 10.0.40219.1
Project("{FAE04EC0-301F-11D3-BF4B-00C04F79EFBC}") = "EmapServer", "EmapServer\EmapServer.csproj", "{D9A2CF66-5570-46DB-A70F-173C3B51DFD5}"
EndProject
Project("{FAE04EC0-301F-11D3-BF4B-00C04F79EFBC}") = "EmapModel", "EmapModel\EmapModel.csproj", "{82832E59-6909-405F-9363-CD73317D38AB}"
EndProject
Global
	GlobalSection(SolutionConfigurationPlatforms) = preSolution
		Debug|Any CPU = Debug|Any CPU
		Release|Any CPU = Release|Any CPU
	EndGlobalSection
	GlobalSection(ProjectConfigurationPlatforms) = postSolution
		{D9A2CF66-5570-46DB-A70F-173C3B51DFD5}.Debug|Any CPU.ActiveCfg = Debug|Any CPU
		{D9A2CF66-5570-46DB-A70F-173C3B51DFD5}.Debug|Any CPU.Build.0 = Debug|Any CPU
		{D9A2CF66-5570-46DB-A70F-173C3B51DFD5}.Release|Any CPU.ActiveCfg = Release|Any CPU
		{D9A2CF66-5570-46DB-A70F-173C3B51DFD5}.Release|Any CPU.Build.0 = Release|Any CPU
		{82832E59-6909-405F-9363-CD73317D38AB}.Debug|Any CPU.ActiveCfg = Debug|Any CPU
		{82832E59-6909-405F-9363-CD73317D38AB}.Debug|Any CPU.Build.0 = Debug|Any CPU
		{82832E59-6909-405F-9363-CD73317D38AB}.Release|Any CPU.ActiveCfg = Release|Any CPU
		{82832E59-6909-405F-9363-CD73317D38AB}.Release|Any CPU.Build.0 = Release|Any CPU
	EndGlobalSection
	GlobalSection(SolutionProperties) = preSolution
		HideSolutionNode = FALSE
	EndGlobalSection
	GlobalSection(ExtensibilityGlobals) = postSolution
		SolutionGuid = {3A3DDEFE-F028-461C-8EA5-E3FC136BA69E}
	EndGlobalSection
EndGlobal
